PODS:
  - AsyncDisplayKit (1.9.92):
    - AsyncDisplayKit/PINRemoteImage (= 1.9.92)
  - AsyncDisplayKit/ASDealloc2MainObject (1.9.92)
  - AsyncDisplayKit/Core (1.9.92):
    - AsyncDisplayKit/ASDealloc2MainObject
  - AsyncDisplayKit/PINRemoteImage (1.9.92):
    - AsyncDisplayKit/Core
    - PINCache (= 3.0.1-beta)
    - PINRemoteImage/iOS (= 3.0.0-beta.3)
  - jot (0.1.5):
    - Masonry (~> 0.6.1)
  - Masonry (0.6.4)
  - NMessenger (1.0.79):
    - AsyncDisplayKit (= 1.9.92)
  - PINCache (3.0.1-beta)
  - PINRemoteImage/Core (3.0.0-beta.3):
    - PINCache (>= 3.0.0-beta)
  - PINRemoteImage/iOS (3.0.0-beta.3):
    - PINRemoteImage/Core
  - QuickBlox (2.9.2)
  - Quickblox-WebRTC (2.5):
    - QuickBlox (>= 2.7)
  - YNDropDownMenu (2.1.3)

DEPENDENCIES:
  - jot
  - NMessenger
  - QuickBlox
  - Quickblox-WebRTC
  - YNDropDownMenu

SPEC CHECKSUMS:
  AsyncDisplayKit: 49d94f5739669d666ff7cdc3430f43f0b2cfbeaf
  jot: 0f5dc333defa6ad805d01adc3834b201c22510a7
  Masonry: 281802d04d787ea2973179ee8bcb50500579ede2
  NMessenger: 79b8a4d2132fe49e03ec8964d07955d6553f831c
  PINCache: 6911fe422a633e18b3d3ddf2bd4f0e55e36e2892
  PINRemoteImage: 308731aa6534500e58fc211b9cc2bb7252df25ba
  QuickBlox: 67cafa5d7b237db7344c506ca5dc38365180cacb
  Quickblox-WebRTC: 79a88793ce090d2516963fe207f4d8eeecdb8b4f
  YNDropDownMenu: 9b32b47810df45fc78f8609bc4833fe6af3fcdb9

PODFILE CHECKSUM: d172d1c75dc3a58261ac038b872b3a9b705b3a4c

COCOAPODS: 1.2.0
